
Microsoft Visual Studio Solution File, Format Version 12.00
# Visual Studio Version 16
VisualStudioVersion = 16.0.30711.63
MinimumVisualStudioVersion = 10.0.40219.1
Project("{FAE04EC0-301F-11D3-BF4B-00C04F79EFBC}") = "DesignPatterns", "DesignPatterns\DesignPatterns.csproj", "{6AF194AF-4674-4E49-AF07-D3D8FA976A17}"
EndProject
Global
	GlobalSection(SolutionConfigurationPlatforms) = preSolution
		Debug|Any CPU = Debug|Any CPU
		Release|Any CPU = Release|Any CPU
	EndGlobalSection
	GlobalSection(ProjectConfigurationPlatforms) = postSolution
		{6AF194AF-4674-4E49-AF07-D3D8FA976A17}.Debug|Any CPU.ActiveCfg = Debug|Any CPU
		{6AF194AF-4674-4E49-AF07-D3D8FA976A17}.Debug|Any CPU.Build.0 = Debug|Any CPU
		{6AF194AF-4674-4E49-AF07-D3D8FA976A17}.Release|Any CPU.ActiveCfg = Release|Any CPU
		{6AF194AF-4674-4E49-AF07-D3D8FA976A17}.Release|Any CPU.Build.0 = Release|Any CPU
	EndGlobalSection
	GlobalSection(SolutionProperties) = preSolution
		HideSolutionNode = FALSE
	EndGlobalSection
	GlobalSection(ExtensibilityGlobals) = postSolution
		SolutionGuid = {EE630C9E-2EDC-4549-809D-3AB8DD9C3C7D}
	EndGlobalSection
EndGlobal
